
Microsoft Visual Studio Solution File, Format Version 12.00
# Visual Studio Version 17
VisualStudioVersion = 17.2.32602.215
MinimumVisualStudioVersion = 10.0.40219.1
Project("{8BC9CEB8-8B4A-11D0-8D11-00A0C91BC942}") = "VoxelEditor", "VoxelEditor.vcxproj", "{3EE206CE-9874-4833-83BB-889A37FCC4C6}"
EndProject
Project("{8BC9CEB8-8B4A-11D0-8D11-00A0C91BC942}") = "VoxelEngine", "..\VoxelEngine\VoxelEngine.vcxproj", "{BD112990-8EEB-4387-95EA-939198B7818F}"
EndProject
Global
	GlobalSection(SolutionConfigurationPlatforms) = preSolution
		Debug|x64 = Debug|x64
		Release|x64 = Release|x64
	EndGlobalSection
	GlobalSection(ProjectConfigurationPlatforms) = postSolution
		{3EE206CE-9874-4833-83BB-889A37FCC4C6}.Debug|x64.ActiveCfg = Debug|x64
		{3EE206CE-9874-4833-83BB-889A37FCC4C6}.Debug|x64.Build.0 = Debug|x64
		{3EE206CE-9874-4833-83BB-889A37FCC4C6}.Release|x64.ActiveCfg = Release|x64
		{3EE206CE-9874-4833-83BB-889A37FCC4C6}.Release|x64.Build.0 = Release|x64
		{BD112990-8EEB-4387-95EA-939198B7818F}.Debug|x64.ActiveCfg = Debug|x64
		{BD112990-8EEB-4387-95EA-939198B7818F}.Debug|x64.Build.0 = Debug|x64
		{BD112990-8EEB-4387-95EA-939198B7818F}.Release|x64.ActiveCfg = Release|x64
		{BD112990-8EEB-4387-95EA-939198B7818F}.Release|x64.Build.0 = Release|x64
	EndGlobalSection
	GlobalSection(SolutionProperties) = preSolution
		HideSolutionNode = FALSE
	EndGlobalSection
	GlobalSection(ExtensibilityGlobals) = postSolution
		SolutionGuid = {14E4CF47-D439-4778-B7A2-5EC053D8584E}
	EndGlobalSection
EndGlobal
